
Microsoft Visual Studio Solution File, Format Version 12.00
# Visual Studio Version 16
VisualStudioVersion = 16.0.29215.179
MinimumVisualStudioVersion = 10.0.40219.1
Project("{9A19103F-16F7-4668-BE54-9A1E7A4F7556}") = "HbgKontoret", "HbgKontoret.csproj", "{DA1B4905-1C56-43C4-948D-059C850B659B}"
EndProject
Project("{FAE04EC0-301F-11D3-BF4B-00C04F79EFBC}") = "HbgKontoret.Data", "..\HbgKontoret.Data_NEW\HbgKontoret.Data\HbgKontoret.Data.csproj", "{4B449507-8EA6-41C3-B4A8-753ECCF51BE1}"
EndProject
Project("{FAE04EC0-301F-11D3-BF4B-00C04F79EFBC}") = "HbgKontoret.Infrastructure", "..\HbgKontoret.Infrastructure_NEW\HbgKontoret.Infrastructure\HbgKontoret.Infrastructure.csproj", "{9D523E8E-DAE7-43A6-A331-EED6FE5305F3}"
EndProject
Global
	GlobalSection(SolutionConfigurationPlatforms) = preSolution
		Debug|Any CPU = Debug|Any CPU
		Release|Any CPU = Release|Any CPU
	EndGlobalSection
	GlobalSection(ProjectConfigurationPlatforms) = postSolution
		{DA1B4905-1C56-43C4-948D-059C850B659B}.Debug|Any CPU.ActiveCfg = Debug|Any CPU
		{DA1B4905-1C56-43C4-948D-059C850B659B}.Debug|Any CPU.Build.0 = Debug|Any CPU
		{DA1B4905-1C56-43C4-948D-059C850B659B}.Release|Any CPU.ActiveCfg = Release|Any CPU
		{DA1B4905-1C56-43C4-948D-059C850B659B}.Release|Any CPU.Build.0 = Release|Any CPU
		{4B449507-8EA6-41C3-B4A8-753ECCF51BE1}.Debug|Any CPU.ActiveCfg = Debug|Any CPU
		{4B449507-8EA6-41C3-B4A8-753ECCF51BE1}.Debug|Any CPU.Build.0 = Debug|Any CPU
		{4B449507-8EA6-41C3-B4A8-753ECCF51BE1}.Release|Any CPU.ActiveCfg = Release|Any CPU
		{4B449507-8EA6-41C3-B4A8-753ECCF51BE1}.Release|Any CPU.Build.0 = Release|Any CPU
		{9D523E8E-DAE7-43A6-A331-EED6FE5305F3}.Debug|Any CPU.ActiveCfg = Debug|Any CPU
		{9D523E8E-DAE7-43A6-A331-EED6FE5305F3}.Debug|Any CPU.Build.0 = Debug|Any CPU
		{9D523E8E-DAE7-43A6-A331-EED6FE5305F3}.Release|Any CPU.ActiveCfg = Release|Any CPU
		{9D523E8E-DAE7-43A6-A331-EED6FE5305F3}.Release|Any CPU.Build.0 = Release|Any CPU
	EndGlobalSection
	GlobalSection(SolutionProperties) = preSolution
		HideSolutionNode = FALSE
	EndGlobalSection
	GlobalSection(ExtensibilityGlobals) = postSolution
		SolutionGuid = {C9D7C8BD-5F85-460B-80A0-2526FAAB829F}
	EndGlobalSection
EndGlobal
